PODS:
  - Alamofire (5.4.1)
  - EmojiPicker (1.1)
  - NMapsMap (3.10.2)
  - SwiftyJSON (4.3.0)

DEPENDENCIES:
  - Alamofire
  - EmojiPicker (= 1.1)
  - NMapsMap
  - SwiftyJSON (~> 4.0)

SPEC REPOS:
  trunk:
    - Alamofire
    - EmojiPicker
    - NMapsMap
    - SwiftyJSON

SPEC CHECKSUMS:
  Alamofire: 2291f7d21ca607c491dd17642e5d40fdcda0e65c
  EmojiPicker: 7d9cb698a2983501c0fa800e759dd7744638a0b9
  NMapsMap: 2c092c6408c738774edea41e00f0fd1bad9e0ca9
  SwiftyJSON: 6faa0040f8b59dead0ee07436cbf76b73c08fd08

PODFILE CHECKSUM: 708b18b541878a15492c0c76c110c6580d1f8524

COCOAPODS: 1.10.1
